{
  "name": "amp-rsa-gql",
  "version": "1.0.4",
  "lockfileVersion": 2,
  "requires": true,
  "packages": {
    "": {
      "version": "1.0.4",
      "license": "ISC",
      "dependencies": {
        "@apollo/client": "^3.4.5",
        "assert": "^2.0.0",
        "async": "^3.2.1",
        "axios": "^0.21.1",
        "chalk": "^4.1.2",
        "class-validator": "^0.13.1",
        "cross-fetch": "^3.1.4",
        "graphql": "^15.5.1",
        "lodash": "^4.17.21",
        "nconf": "^0.11.3",
        "node-fetch": "^2.6.1",
        "reflect-metadata": "^0.1.13",
        "ts-node": "^10.1.0",
        "type-graphql": "^1.1.1",
        "typescript": "^4.3.5"
      },
      "devDependencies": {
        "@types/node": "^16.4.12",
        "rimraf": "^3.0.2"
      }
    },
    "node_modules/@apollo/client": {
      "version": "3.4.8",
      "license": "MIT",
      "dependencies": {
        "@graphql-typed-document-node/core": "^3.0.0",
        "@wry/context": "^0.6.0",
        "@wry/equality": "^0.5.0",
        "@wry/trie": "^0.3.0",
        "graphql-tag": "^2.12.3",
        "hoist-non-react-statics": "^3.3.2",
        "optimism": "^0.16.1",
        "prop-types": "^15.7.2",
        "symbol-observable": "^4.0.0",
        "ts-invariant": "^0.9.0",
        "tslib": "^2.3.0",
        "zen-observable-ts": "^1.1.0"
      },
      "peerDependencies": {
        "graphql": "^14.0.0 || ^15.0.0",
        "react": "^16.8.0 || ^17.0.0",
        "subscriptions-transport-ws": "^0.9.0"
      },
      "peerDependenciesMeta": {
        "react": {
          "optional": true
        },
        "subscriptions-transport-ws": {
          "optional": true
        }
      }
    },
    "node_modules/@cspotcode/source-map-consumer": {
      "version": "0.8.0",
      "license": "BSD-3-Clause",
      "engines": {
        "node": ">= 12"
      }
    },
    "node_modules/@cspotcode/source-map-support": {
      "version": "0.6.1",
      "license": "MIT",
      "dependencies": {
        "@cspotcode/source-map-consumer": "0.8.0"
      },
      "engines": {
        "node": ">=12"
      }
    },
    "node_modules/@graphql-typed-document-node/core": {
      "version": "3.1.0",
      "license": "MIT",
      "peerDependencies": {
        "graphql": "^0.8.0 || ^0.9.0 || ^0.10.0 || ^0.11.0 || ^0.12.0 || ^0.13.0 || ^14.0.0 || ^15.0.0"
      }
    },
    "node_modules/@tsconfig/node10": {
      "version": "1.0.8",
      "license": "MIT"
    },
    "node_modules/@tsconfig/node12": {
      "version": "1.0.9",
      "license": "MIT"
    },
    "node_modules/@tsconfig/node14": {
      "version": "1.0.1",
      "license": "MIT"
    },
    "node_modules/@tsconfig/node16": {
      "version": "1.0.2",
      "license": "MIT"
    },
    "node_modules/@types/glob": {
      "version": "7.1.4",
      "license": "MIT",
      "dependencies": {
        "@types/minimatch": "*",
        "@types/node": "*"
      }
    },
    "node_modules/@types/minimatch": {
      "version": "3.0.5",
      "license": "MIT"
    },
    "node_modules/@types/node": {
      "version": "16.6.2",
      "license": "MIT"
    },
    "node_modules/@types/semver": {
      "version": "7.3.8",
      "license": "MIT"
    },
    "node_modules/@types/validator": {
      "version": "13.6.3",
      "license": "MIT"
    },
    "node_modules/@types/zen-observable": {
      "version": "0.8.3",
      "license": "MIT"
    },
    "node_modules/@wry/context": {
      "version": "0.6.1",
      "license": "MIT",
      "dependencies": {
        "tslib": "^2.3.0"
      },
      "engines": {
        "node": ">=8"
      }
    },
    "node_modules/@wry/equality": {
      "version": "0.5.2",
      "license": "MIT",
      "dependencies": {
        "tslib": "^2.3.0"
      },
      "engines": {
        "node": ">=8"
      }
    },
    "node_modules/@wry/trie": {
      "version": "0.3.1",
      "license": "MIT",
      "dependencies": {
        "tslib": "^2.3.0"
      },
      "engines": {
        "node": ">=8"
      }
    },
    "node_modules/acorn": {
      "version": "8.4.1",
      "license": "MIT",
      "bin": {
        "acorn": "bin/acorn"
      },
      "engines": {
        "node": ">=0.4.0"
      }
    },
    "node_modules/acorn-walk": {
      "version": "8.1.1",
      "license": "MIT",
      "engines": {
        "node": ">=0.4.0"
      }
    },
    "node_modules/ansi-regex": {
      "version": "5.0.0",
      "license": "MIT",
      "engines": {
        "node": ">=8"
      }
    },
    "node_modules/ansi-styles": {
      "version": "4.3.0",
      "license": "MIT",
      "dependencies": {
        "color-convert": "^2.0.1"
      },
      "engines": {
        "node": ">=8"
      },
      "funding": {
        "url": "https://github.com/chalk/ansi-styles?sponsor=1"
      }
    },
    "node_modules/arg": {
      "version": "4.1.3",
      "license": "MIT"
    },
    "node_modules/assert": {
      "version": "2.0.0",
      "license": "MIT",
      "dependencies": {
        "es6-object-assign": "^1.1.0",
        "is-nan": "^1.2.1",
        "object-is": "^1.0.1",
        "util": "^0.12.0"
      }
    },
    "node_modules/async": {
      "version": "3.2.1",
      "license": "MIT"
    },
    "node_modules/available-typed-arrays": {
      "version": "1.0.4",
      "license": "MIT",
      "engines": {
        "node": ">= 0.4"
      },
      "funding": {
        "url": "https://github.com/sponsors/ljharb"
      }
    },
    "node_modules/axios": {
      "version": "0.21.1",
      "license": "MIT",
      "dependencies": {
        "follow-redirects": "^1.10.0"
      }
    },
    "node_modules/balanced-match": {
      "version": "1.0.2",
      "license": "MIT"
    },
    "node_modules/brace-expansion": {
      "version": "1.1.11",
      "license": "MIT",
      "dependencies": {
        "balanced-match": "^1.0.0",
        "concat-map": "0.0.1"
      }
    },
    "node_modules/call-bind": {
      "version": "1.0.2",
      "license": "MIT",
      "dependencies": {
        "function-bind": "^1.1.1",
        "get-intrinsic": "^1.0.2"
      },
      "funding": {
        "url": "https://github.com/sponsors/ljharb"
      }
    },
    "node_modules/chalk": {
      "version": "4.1.2",
      "license": "MIT",
      "dependencies": {
        "ansi-styles": "^4.1.0",
        "supports-color": "^7.1.0"
      },
      "engines": {
        "node": ">=10"
      },
      "funding": {
        "url": "https://github.com/chalk/chalk?sponsor=1"
      }
    },
    "node_modules/class-validator": {
      "version": "0.13.1",
      "license": "MIT",
      "dependencies": {
        "@types/validator": "^13.1.3",
        "libphonenumber-js": "^1.9.7",
        "validator": "^13.5.2"
      }
    },
    "node_modules/cliui": {
      "version": "7.0.4",
      "license": "ISC",
      "dependencies": {
        "string-width": "^4.2.0",
        "strip-ansi": "^6.0.0",
        "wrap-ansi": "^7.0.0"
      }
    },
    "node_modules/color-convert": {
      "version": "2.0.1",
      "license": "MIT",
      "dependencies": {
        "color-name": "~1.1.4"
      },
      "engines": {
        "node": ">=7.0.0"
      }
    },
    "node_modules/color-name": {
      "version": "1.1.4",
      "license": "MIT"
    },
    "node_modules/concat-map": {
      "version": "0.0.1",
      "license": "MIT"
    },
    "node_modules/create-require": {
      "version": "1.1.1",
      "license": "MIT"
    },
    "node_modules/cross-fetch": {
      "version": "3.1.4",
      "license": "MIT",
      "dependencies": {
        "node-fetch": "2.6.1"
      }
    },
    "node_modules/define-properties": {
      "version": "1.1.3",
      "license": "MIT",
      "dependencies": {
        "object-keys": "^1.0.12"
      },
      "engines": {
        "node": ">= 0.4"
      }
    },
    "node_modules/diff": {
      "version": "4.0.2",
      "license": "BSD-3-Clause",
      "engines": {
        "node": ">=0.3.1"
      }
    },
    "node_modules/emoji-regex": {
      "version": "8.0.0",
      "license": "MIT"
    },
    "node_modules/es-abstract": {
      "version": "1.18.5",
      "license": "MIT",
      "dependencies": {
        "call-bind": "^1.0.2",
        "es-to-primitive": "^1.2.1",
        "function-bind": "^1.1.1",
        "get-intrinsic": "^1.1.1",
        "has": "^1.0.3",
        "has-symbols": "^1.0.2",
        "internal-slot": "^1.0.3",
        "is-callable": "^1.2.3",
        "is-negative-zero": "^2.0.1",
        "is-regex": "^1.1.3",
        "is-string": "^1.0.6",
        "object-inspect": "^1.11.0",
        "object-keys": "^1.1.1",
        "object.assign": "^4.1.2",
        "string.prototype.trimend": "^1.0.4",
        "string.prototype.trimstart": "^1.0.4",
        "unbox-primitive": "^1.0.1"
      },
      "engines": {
        "node": ">= 0.4"
      },
      "funding": {
        "url": "https://github.com/sponsors/ljharb"
      }
    },
    "node_modules/es-to-primitive": {
      "version": "1.2.1",
      "license": "MIT",
      "dependencies": {
        "is-callable": "^1.1.4",
        "is-date-object": "^1.0.1",
        "is-symbol": "^1.0.2"
      },
      "engines": {
        "node": ">= 0.4"
      },
      "funding": {
        "url": "https://github.com/sponsors/ljharb"
      }
    },
    "node_modules/es6-object-assign": {
      "version": "1.1.0",
      "license": "MIT"
    },
    "node_modules/escalade": {
      "version": "3.1.1",
      "license": "MIT",
      "engines": {
        "node": ">=6"
      }
    },
    "node_modules/follow-redirects": {
      "version": "1.14.2",
      "funding": [
        {
          "type": "individual",
          "url": "https://github.com/sponsors/RubenVerborgh"
        }
      ],
      "license": "MIT",
      "engines": {
        "node": ">=4.0"
      },
      "peerDependenciesMeta": {
        "debug": {
          "optional": true
        }
      }
    },
    "node_modules/foreach": {
      "version": "2.0.5",
      "license": "MIT"
    },
    "node_modules/fs.realpath": {
      "version": "1.0.0",
      "license": "ISC"
    },
    "node_modules/function-bind": {
      "version": "1.1.1",
      "license": "MIT"
    },
    "node_modules/get-caller-file": {
      "version": "2.0.5",
      "license": "ISC",
      "engines": {
        "node": "6.* || 8.* || >= 10.*"
      }
    },
    "node_modules/get-intrinsic": {
      "version": "1.1.1",
      "license": "MIT",
      "dependencies": {
        "function-bind": "^1.1.1",
        "has": "^1.0.3",
        "has-symbols": "^1.0.1"
      },
      "funding": {
        "url": "https://github.com/sponsors/ljharb"
      }
    },
    "node_modules/glob": {
      "version": "7.1.7",
      "license": "ISC",
      "dependencies": {
        "fs.realpath": "^1.0.0",
        "inflight": "^1.0.4",
        "inherits": "2",
        "minimatch": "^3.0.4",
        "once": "^1.3.0",
        "path-is-absolute": "^1.0.0"
      },
      "engines": {
        "node": "*"
      },
      "funding": {
        "url": "https://github.com/sponsors/isaacs"
      }
    },
    "node_modules/graphql": {
      "version": "15.5.1",
      "license": "MIT",
      "engines": {
        "node": ">= 10.x"
      }
    },
    "node_modules/graphql-query-complexity": {
      "version": "0.7.2",
      "license": "MIT",
      "dependencies": {
        "lodash.get": "^4.4.2"
      },
      "peerDependencies": {
        "graphql": "^0.13.0 || ^14.0.0 || ^15.0.0"
      }
    },
    "node_modules/graphql-subscriptions": {
      "version": "1.2.1",
      "license": "MIT",
      "dependencies": {
        "iterall": "^1.3.0"
      },
      "peerDependencies": {
        "graphql": "^0.10.5 || ^0.11.3 || ^0.12.0 || ^0.13.0 || ^14.0.0 || ^15.0.0"
      }
    },
    "node_modules/graphql-tag": {
      "version": "2.12.5",
      "license": "MIT",
      "dependencies": {
        "tslib": "^2.1.0"
      },
      "engines": {
        "node": ">=10"
      },
      "peerDependencies": {
        "graphql": "^0.9.0 || ^0.10.0 || ^0.11.0 || ^0.12.0 || ^0.13.0 || ^14.0.0 || ^15.0.0"
      }
    },
    "node_modules/has": {
      "version": "1.0.3",
      "license": "MIT",
      "dependencies": {
        "function-bind": "^1.1.1"
      },
      "engines": {
        "node": ">= 0.4.0"
      }
    },
    "node_modules/has-bigints": {
      "version": "1.0.1",
      "license": "MIT",
      "funding": {
        "url": "https://github.com/sponsors/ljharb"
      }
    },
    "node_modules/has-flag": {
      "version": "4.0.0",
      "license": "MIT",
      "engines": {
        "node": ">=8"
      }
    },
    "node_modules/has-symbols": {
      "version": "1.0.2",
      "license": "MIT",
      "engines": {
        "node": ">= 0.4"
      },
      "funding": {
        "url": "https://github.com/sponsors/ljharb"
      }
    },
    "node_modules/has-tostringtag": {
      "version": "1.0.0",
      "license": "MIT",
      "dependencies": {
        "has-symbols": "^1.0.2"
      },
      "engines": {
        "node": ">= 0.4"
      },
      "funding": {
        "url": "https://github.com/sponsors/ljharb"
      }
    },
    "node_modules/hoist-non-react-statics": {
      "version": "3.3.2",
      "license": "BSD-3-Clause",
      "dependencies": {
        "react-is": "^16.7.0"
      }
    },
    "node_modules/inflight": {
      "version": "1.0.6",
      "license": "ISC",
      "dependencies": {
        "once": "^1.3.0",
        "wrappy": "1"
      }
    },
    "node_modules/inherits": {
      "version": "2.0.4",
      "license": "ISC"
    },
    "node_modules/ini": {
      "version": "2.0.0",
      "license": "ISC",
      "engines": {
        "node": ">=10"
      }
    },
    "node_modules/internal-slot": {
      "version": "1.0.3",
      "license": "MIT",
      "dependencies": {
        "get-intrinsic": "^1.1.0",
        "has": "^1.0.3",
        "side-channel": "^1.0.4"
      },
      "engines": {
        "node": ">= 0.4"
      }
    },
    "node_modules/is-arguments": {
      "version": "1.1.1",
      "license": "MIT",
      "dependencies": {
        "call-bind": "^1.0.2",
        "has-tostringtag": "^1.0.0"
      },
      "engines": {
        "node": ">= 0.4"
      },
      "funding": {
        "url": "https://github.com/sponsors/ljharb"
      }
    },
    "node_modules/is-bigint": {
      "version": "1.0.4",
      "license": "MIT",
      "dependencies": {
        "has-bigints": "^1.0.1"
      },
      "funding": {
        "url": "https://github.com/sponsors/ljharb"
      }
    },
    "node_modules/is-boolean-object": {
      "version": "1.1.2",
      "license": "MIT",
      "dependencies": {
        "call-bind": "^1.0.2",
        "has-tostringtag": "^1.0.0"
      },
      "engines": {
        "node": ">= 0.4"
      },
      "funding": {
        "url": "https://github.com/sponsors/ljharb"
      }
    },
    "node_modules/is-callable": {
      "version": "1.2.4",
      "license": "MIT",
      "engines": {
        "node": ">= 0.4"
      },
      "funding": {
        "url": "https://github.com/sponsors/ljharb"
      }
    },
    "node_modules/is-date-object": {
      "version": "1.0.5",
      "license": "MIT",
      "dependencies": {
        "has-tostringtag": "^1.0.0"
      },
      "engines": {
        "node": ">= 0.4"
      },
      "funding": {
        "url": "https://github.com/sponsors/ljharb"
      }
    },
    "node_modules/is-fullwidth-code-point": {
      "version": "3.0.0",
      "license": "MIT",
      "engines": {
        "node": ">=8"
      }
    },
    "node_modules/is-generator-function": {
      "version": "1.0.10",
      "license": "MIT",
      "dependencies": {
        "has-tostringtag": "^1.0.0"
      },
      "engines": {
        "node": ">= 0.4"
      },
      "funding": {
        "url": "https://github.com/sponsors/ljharb"
      }
    },
    "node_modules/is-nan": {
      "version": "1.3.2",
      "license": "MIT",
      "dependencies": {
        "call-bind": "^1.0.0",
        "define-properties": "^1.1.3"
      },
      "engines": {
        "node": ">= 0.4"
      },
      "funding": {
        "url": "https://github.com/sponsors/ljharb"
      }
    },
    "node_modules/is-negative-zero": {
      "version": "2.0.1",
      "license": "MIT",
      "engines": {
        "node": ">= 0.4"
      },
      "funding": {
        "url": "https://github.com/sponsors/ljharb"
      }
    },
    "node_modules/is-number-object": {
      "version": "1.0.6",
      "license": "MIT",
      "dependencies": {
        "has-tostringtag": "^1.0.0"
      },
      "engines": {
        "node": ">= 0.4"
      },
      "funding": {
        "url": "https://github.com/sponsors/ljharb"
      }
    },
    "node_modules/is-regex": {
      "version": "1.1.4",
      "license": "MIT",
      "dependencies": {
        "call-bind": "^1.0.2",
        "has-tostringtag": "^1.0.0"
      },
      "engines": {
        "node": ">= 0.4"
      },
      "funding": {
        "url": "https://github.com/sponsors/ljharb"
      }
    },
    "node_modules/is-string": {
      "version": "1.0.7",
      "license": "MIT",
      "dependencies": {
        "has-tostringtag": "^1.0.0"
      },
      "engines": {
        "node": ">= 0.4"
      },
      "funding": {
        "url": "https://github.com/sponsors/ljharb"
      }
    },
    "node_modules/is-symbol": {
      "version": "1.0.4",
      "license": "MIT",
      "dependencies": {
        "has-symbols": "^1.0.2"
      },
      "engines": {
        "node": ">= 0.4"
      },
      "funding": {
        "url": "https://github.com/sponsors/ljharb"
      }
    },
    "node_modules/is-typed-array": {
      "version": "1.1.7",
      "license": "MIT",
      "dependencies": {
        "available-typed-arrays": "^1.0.4",
        "call-bind": "^1.0.2",
        "es-abstract": "^1.18.5",
        "foreach": "^2.0.5",
        "has-tostringtag": "^1.0.0"
      },
      "engines": {
        "node": ">= 0.4"
      },
      "funding": {
        "url": "https://github.com/sponsors/ljharb"
      }
    },
    "node_modules/iterall": {
      "version": "1.3.0",
      "license": "MIT"
    },
    "node_modules/js-tokens": {
      "version": "4.0.0",
      "license": "MIT"
    },
    "node_modules/libphonenumber-js": {
      "version": "1.9.23",
      "license": "MIT"
    },
    "node_modules/lodash": {
      "version": "4.17.21",
      "license": "MIT"
    },
    "node_modules/lodash.get": {
      "version": "4.4.2",
      "license": "MIT"
    },
    "node_modules/loose-envify": {
      "version": "1.4.0",
      "license": "MIT",
      "dependencies": {
        "js-tokens": "^3.0.0 || ^4.0.0"
      },
      "bin": {
        "loose-envify": "cli.js"
      }
    },
    "node_modules/lru-cache": {
      "version": "6.0.0",
      "license": "ISC",
      "dependencies": {
        "yallist": "^4.0.0"
      },
      "engines": {
        "node": ">=10"
      }
    },
    "node_modules/make-error": {
      "version": "1.3.6",
      "license": "ISC"
    },
    "node_modules/minimatch": {
      "version": "3.0.4",
      "license": "ISC",
      "dependencies": {
        "brace-expansion": "^1.1.7"
      },
      "engines": {
        "node": "*"
      }
    },
    "node_modules/nconf": {
      "version": "0.11.3",
      "license": "MIT",
      "dependencies": {
        "async": "^1.4.0",
        "ini": "^2.0.0",
        "secure-keys": "^1.0.0",
        "yargs": "^16.1.1"
      },
      "engines": {
        "node": ">= 0.4.0"
      }
    },
    "node_modules/nconf/node_modules/async": {
      "version": "1.5.2",
      "license": "MIT"
    },
    "node_modules/node-fetch": {
      "version": "2.6.1",
      "license": "MIT",
      "engines": {
        "node": "4.x || >=6.0.0"
      }
    },
    "node_modules/object-assign": {
      "version": "4.1.1",
      "license": "MIT",
      "engines": {
        "node": ">=0.10.0"
      }
    },
    "node_modules/object-inspect": {
      "version": "1.11.0",
      "license": "MIT",
      "funding": {
        "url": "https://github.com/sponsors/ljharb"
      }
    },
    "node_modules/object-is": {
      "version": "1.1.5",
      "license": "MIT",
      "dependencies": {
        "call-bind": "^1.0.2",
        "define-properties": "^1.1.3"
      },
      "engines": {
        "node": ">= 0.4"
      },
      "funding": {
        "url": "https://github.com/sponsors/ljharb"
      }
    },
    "node_modules/object-keys": {
      "version": "1.1.1",
      "license": "MIT",
      "engines": {
        "node": ">= 0.4"
      }
    },
    "node_modules/object.assign": {
      "version": "4.1.2",
      "license": "MIT",
      "dependencies": {
        "call-bind": "^1.0.0",
        "define-properties": "^1.1.3",
        "has-symbols": "^1.0.1",
        "object-keys": "^1.1.1"
      },
      "engines": {
        "node": ">= 0.4"
      },
      "funding": {
        "url": "https://github.com/sponsors/ljharb"
      }
    },
    "node_modules/once": {
      "version": "1.4.0",
      "license": "ISC",
      "dependencies": {
        "wrappy": "1"
      }
    },
    "node_modules/optimism": {
      "version": "0.16.1",
      "license": "MIT",
      "dependencies": {
        "@wry/context": "^0.6.0",
        "@wry/trie": "^0.3.0"
      }
    },
    "node_modules/path-is-absolute": {
      "version": "1.0.1",
      "license": "MIT",
      "engines": {
        "node": ">=0.10.0"
      }
    },
    "node_modules/prop-types": {
      "version": "15.7.2",
      "license": "MIT",
      "dependencies": {
        "loose-envify": "^1.4.0",
        "object-assign": "^4.1.1",
        "react-is": "^16.8.1"
      }
    },
    "node_modules/react-is": {
      "version": "16.13.1",
      "license": "MIT"
    },
    "node_modules/reflect-metadata": {
      "version": "0.1.13",
      "license": "Apache-2.0"
    },
    "node_modules/require-directory": {
      "version": "2.1.1",
      "license": "MIT",
      "engines": {
        "node": ">=0.10.0"
      }
    },
    "node_modules/rimraf": {
      "version": "3.0.2",
      "dev": true,
      "license": "ISC",
      "dependencies": {
        "glob": "^7.1.3"
      },
      "bin": {
        "rimraf": "bin.js"
      },
      "funding": {
        "url": "https://github.com/sponsors/isaacs"
      }
    },
    "node_modules/safe-buffer": {
      "version": "5.2.1",
      "funding": [
        {
          "type": "github",
          "url": "https://github.com/sponsors/feross"
        },
        {
          "type": "patreon",
          "url": "https://www.patreon.com/feross"
        },
        {
          "type": "consulting",
          "url": "https://feross.org/support"
        }
      ],
      "license": "MIT"
    },
    "node_modules/secure-keys": {
      "version": "1.0.0",
      "license": "MIT"
    },
    "node_modules/semver": {
      "version": "7.3.5",
      "license": "ISC",
      "dependencies": {
        "lru-cache": "^6.0.0"
      },
      "bin": {
        "semver": "bin/semver.js"
      },
      "engines": {
        "node": ">=10"
      }
    },
    "node_modules/side-channel": {
      "version": "1.0.4",
      "license": "MIT",
      "dependencies": {
        "call-bind": "^1.0.0",
        "get-intrinsic": "^1.0.2",
        "object-inspect": "^1.9.0"
      },
      "funding": {
        "url": "https://github.com/sponsors/ljharb"
      }
    },
    "node_modules/string-width": {
      "version": "4.2.2",
      "license": "MIT",
      "dependencies": {
        "emoji-regex": "^8.0.0",
        "is-fullwidth-code-point": "^3.0.0",
        "strip-ansi": "^6.0.0"
      },
      "engines": {
        "node": ">=8"
      }
    },
    "node_modules/string.prototype.trimend": {
      "version": "1.0.4",
      "license": "MIT",
      "dependencies": {
        "call-bind": "^1.0.2",
        "define-properties": "^1.1.3"
      },
      "funding": {
        "url": "https://github.com/sponsors/ljharb"
      }
    },
    "node_modules/string.prototype.trimstart": {
      "version": "1.0.4",
      "license": "MIT",
      "dependencies": {
        "call-bind": "^1.0.2",
        "define-properties": "^1.1.3"
      },
      "funding": {
        "url": "https://github.com/sponsors/ljharb"
      }
    },
    "node_modules/strip-ansi": {
      "version": "6.0.0",
      "license": "MIT",
      "dependencies": {
        "ansi-regex": "^5.0.0"
      },
      "engines": {
        "node": ">=8"
      }
    },
    "node_modules/supports-color": {
      "version": "7.2.0",
      "license": "MIT",
      "dependencies": {
        "has-flag": "^4.0.0"
      },
      "engines": {
        "node": ">=8"
      }
    },
    "node_modules/symbol-observable": {
      "version": "4.0.0",
      "license": "MIT",
      "engines": {
        "node": ">=0.10"
      }
    },
    "node_modules/ts-invariant": {
      "version": "0.9.1",
      "license": "MIT",
      "dependencies": {
        "tslib": "^2.1.0"
      },
      "engines": {
        "node": ">=8"
      }
    },
    "node_modules/ts-node": {
      "version": "10.2.1",
      "license": "MIT",
      "dependencies": {
        "@cspotcode/source-map-support": "0.6.1",
        "@tsconfig/node10": "^1.0.7",
        "@tsconfig/node12": "^1.0.7",
        "@tsconfig/node14": "^1.0.0",
        "@tsconfig/node16": "^1.0.2",
        "acorn": "^8.4.1",
        "acorn-walk": "^8.1.1",
        "arg": "^4.1.0",
        "create-require": "^1.1.0",
        "diff": "^4.0.1",
        "make-error": "^1.1.1",
        "yn": "3.1.1"
      },
      "bin": {
        "ts-node": "dist/bin.js",
        "ts-node-cwd": "dist/bin-cwd.js",
        "ts-node-script": "dist/bin-script.js",
        "ts-node-transpile-only": "dist/bin-transpile.js",
        "ts-script": "dist/bin-script-deprecated.js"
      },
      "engines": {
        "node": ">=12.0.0"
      },
      "peerDependencies": {
        "@swc/core": ">=1.2.50",
        "@swc/wasm": ">=1.2.50",
        "@types/node": "*",
        "typescript": ">=2.7"
      },
      "peerDependenciesMeta": {
        "@swc/core": {
          "optional": true
        },
        "@swc/wasm": {
          "optional": true
        }
      }
    },
    "node_modules/tslib": {
      "version": "2.3.1",
      "license": "0BSD"
    },
    "node_modules/type-graphql": {
      "version": "1.1.1",
      "hasInstallScript": true,
      "license": "MIT",
      "dependencies": {
        "@types/glob": "^7.1.3",
        "@types/node": "*",
        "@types/semver": "^7.3.3",
        "glob": "^7.1.6",
        "graphql-query-complexity": "^0.7.0",
        "graphql-subscriptions": "^1.1.0",
        "semver": "^7.3.2",
        "tslib": "^2.0.1"
      },
      "engines": {
        "node": ">= 10.3"
      },
      "funding": {
        "type": "opencollective",
        "url": "https://opencollective.com/typegraphql"
      },
      "peerDependencies": {
        "class-validator": ">=0.12.0",
        "graphql": "^15.3.0"
      }
    },
    "node_modules/typescript": {
      "version": "4.3.5",
      "license": "Apache-2.0",
      "bin": {
        "tsc": "bin/tsc",
        "tsserver": "bin/tsserver"
      },
      "engines": {
        "node": ">=4.2.0"
      }
    },
    "node_modules/unbox-primitive": {
      "version": "1.0.1",
      "license": "MIT",
      "dependencies": {
        "function-bind": "^1.1.1",
        "has-bigints": "^1.0.1",
        "has-symbols": "^1.0.2",
        "which-boxed-primitive": "^1.0.2"
      },
      "funding": {
        "url": "https://github.com/sponsors/ljharb"
      }
    },
    "node_modules/util": {
      "version": "0.12.4",
      "license": "MIT",
      "dependencies": {
        "inherits": "^2.0.3",
        "is-arguments": "^1.0.4",
        "is-generator-function": "^1.0.7",
        "is-typed-array": "^1.1.3",
        "safe-buffer": "^5.1.2",
        "which-typed-array": "^1.1.2"
      }
    },
    "node_modules/validator": {
      "version": "13.6.0",
      "license": "MIT",
      "engines": {
        "node": ">= 0.10"
      }
    },
    "node_modules/which-boxed-primitive": {
      "version": "1.0.2",
      "license": "MIT",
      "dependencies": {
        "is-bigint": "^1.0.1",
        "is-boolean-object": "^1.1.0",
        "is-number-object": "^1.0.4",
        "is-string": "^1.0.5",
        "is-symbol": "^1.0.3"
      },
      "funding": {
        "url": "https://github.com/sponsors/ljharb"
      }
    },
    "node_modules/which-typed-array": {
      "version": "1.1.6",
      "license": "MIT",
      "dependencies": {
        "available-typed-arrays": "^1.0.4",
        "call-bind": "^1.0.2",
        "es-abstract": "^1.18.5",
        "foreach": "^2.0.5",
        "has-tostringtag": "^1.0.0",
        "is-typed-array": "^1.1.6"
      },
      "engines": {
        "node": ">= 0.4"
      },
      "funding": {
        "url": "https://github.com/sponsors/ljharb"
      }
    },
    "node_modules/wrap-ansi": {
      "version": "7.0.0",
      "license": "MIT",
      "dependencies": {
        "ansi-styles": "^4.0.0",
        "string-width": "^4.1.0",
        "strip-ansi": "^6.0.0"
      },
      "engines": {
        "node": ">=10"
      },
      "funding": {
        "url": "https://github.com/chalk/wrap-ansi?sponsor=1"
      }
    },
    "node_modules/wrappy": {
      "version": "1.0.2",
      "license": "ISC"
    },
    "node_modules/y18n": {
      "version": "5.0.8",
      "license": "ISC",
      "engines": {
        "node": ">=10"
      }
    },
    "node_modules/yallist": {
      "version": "4.0.0",
      "license": "ISC"
    },
    "node_modules/yargs": {
      "version": "16.2.0",
      "license": "MIT",
      "dependencies": {
        "cliui": "^7.0.2",
        "escalade": "^3.1.1",
        "get-caller-file": "^2.0.5",
        "require-directory": "^2.1.1",
        "string-width": "^4.2.0",
        "y18n": "^5.0.5",
        "yargs-parser": "^20.2.2"
      },
      "engines": {
        "node": ">=10"
      }
    },
    "node_modules/yargs-parser": {
      "version": "20.2.9",
      "license": "ISC",
      "engines": {
        "node": ">=10"
      }
    },
    "node_modules/yn": {
      "version": "3.1.1",
      "license": "MIT",
      "engines": {
        "node": ">=6"
      }
    },
    "node_modules/zen-observable": {
      "version": "0.8.15",
      "license": "MIT"
    },
    "node_modules/zen-observable-ts": {
      "version": "1.1.0",
      "license": "MIT",
      "dependencies": {
        "@types/zen-observable": "0.8.3",
        "zen-observable": "0.8.15"
      }
    }
  },
  "dependencies": {
    "@apollo/client": {
      "version": "3.4.8",
      "requires": {
        "@graphql-typed-document-node/core": "^3.0.0",
        "@wry/context": "^0.6.0",
        "@wry/equality": "^0.5.0",
        "@wry/trie": "^0.3.0",
        "graphql-tag": "^2.12.3",
        "hoist-non-react-statics": "^3.3.2",
        "optimism": "^0.16.1",
        "prop-types": "^15.7.2",
        "symbol-observable": "^4.0.0",
        "ts-invariant": "^0.9.0",
        "tslib": "^2.3.0",
        "zen-observable-ts": "^1.1.0"
      }
    },
    "@cspotcode/source-map-consumer": {
      "version": "0.8.0"
    },
    "@cspotcode/source-map-support": {
      "version": "0.6.1",
      "requires": {
        "@cspotcode/source-map-consumer": "0.8.0"
      }
    },
    "@graphql-typed-document-node/core": {
      "version": "3.1.0",
      "requires": {}
    },
    "@tsconfig/node10": {
      "version": "1.0.8"
    },
    "@tsconfig/node12": {
      "version": "1.0.9"
    },
    "@tsconfig/node14": {
      "version": "1.0.1"
    },
    "@tsconfig/node16": {
      "version": "1.0.2"
    },
    "@types/glob": {
      "version": "7.1.4",
      "requires": {
        "@types/minimatch": "*",
        "@types/node": "*"
      }
    },
    "@types/minimatch": {
      "version": "3.0.5"
    },
    "@types/node": {
      "version": "16.6.2"
    },
    "@types/semver": {
      "version": "7.3.8"
    },
    "@types/validator": {
      "version": "13.6.3"
    },
    "@types/zen-observable": {
      "version": "0.8.3"
    },
    "@wry/context": {
      "version": "0.6.1",
      "requires": {
        "tslib": "^2.3.0"
      }
    },
    "@wry/equality": {
      "version": "0.5.2",
      "requires": {
        "tslib": "^2.3.0"
      }
    },
    "@wry/trie": {
      "version": "0.3.1",
      "requires": {
        "tslib": "^2.3.0"
      }
    },
    "acorn": {
      "version": "8.4.1"
    },
    "acorn-walk": {
      "version": "8.1.1"
    },
    "ansi-regex": {
      "version": "5.0.0"
    },
    "ansi-styles": {
      "version": "4.3.0",
      "requires": {
        "color-convert": "^2.0.1"
      }
    },
    "arg": {
      "version": "4.1.3"
    },
    "assert": {
      "version": "2.0.0",
      "requires": {
        "es6-object-assign": "^1.1.0",
        "is-nan": "^1.2.1",
        "object-is": "^1.0.1",
        "util": "^0.12.0"
      }
    },
    "async": {
      "version": "3.2.1"
    },
    "available-typed-arrays": {
      "version": "1.0.4"
    },
    "axios": {
      "version": "0.21.1",
      "requires": {
        "follow-redirects": "^1.10.0"
      }
    },
    "balanced-match": {
      "version": "1.0.2"
    },
    "brace-expansion": {
      "version": "1.1.11",
      "requires": {
        "balanced-match": "^1.0.0",
        "concat-map": "0.0.1"
      }
    },
    "call-bind": {
      "version": "1.0.2",
      "requires": {
        "function-bind": "^1.1.1",
        "get-intrinsic": "^1.0.2"
      }
    },
    "chalk": {
      "version": "4.1.2",
      "requires": {
        "ansi-styles": "^4.1.0",
        "supports-color": "^7.1.0"
      }
    },
    "class-validator": {
      "version": "0.13.1",
      "requires": {
        "@types/validator": "^13.1.3",
        "libphonenumber-js": "^1.9.7",
        "validator": "^13.5.2"
      }
    },
    "cliui": {
      "version": "7.0.4",
      "requires": {
        "string-width": "^4.2.0",
        "strip-ansi": "^6.0.0",
        "wrap-ansi": "^7.0.0"
      }
    },
    "color-convert": {
      "version": "2.0.1",
      "requires": {
        "color-name": "~1.1.4"
      }
    },
    "color-name": {
      "version": "1.1.4"
    },
    "concat-map": {
      "version": "0.0.1"
    },
    "create-require": {
      "version": "1.1.1"
    },
    "cross-fetch": {
      "version": "3.1.4",
      "requires": {
        "node-fetch": "2.6.1"
      }
    },
    "define-properties": {
      "version": "1.1.3",
      "requires": {
        "object-keys": "^1.0.12"
      }
    },
    "diff": {
      "version": "4.0.2"
    },
    "emoji-regex": {
      "version": "8.0.0"
    },
    "es-abstract": {
      "version": "1.18.5",
      "requires": {
        "call-bind": "^1.0.2",
        "es-to-primitive": "^1.2.1",
        "function-bind": "^1.1.1",
        "get-intrinsic": "^1.1.1",
        "has": "^1.0.3",
        "has-symbols": "^1.0.2",
        "internal-slot": "^1.0.3",
        "is-callable": "^1.2.3",
        "is-negative-zero": "^2.0.1",
        "is-regex": "^1.1.3",
        "is-string": "^1.0.6",
        "object-inspect": "^1.11.0",
        "object-keys": "^1.1.1",
        "object.assign": "^4.1.2",
        "string.prototype.trimend": "^1.0.4",
        "string.prototype.trimstart": "^1.0.4",
        "unbox-primitive": "^1.0.1"
      }
    },
    "es-to-primitive": {
      "version": "1.2.1",
      "requires": {
        "is-callable": "^1.1.4",
        "is-date-object": "^1.0.1",
        "is-symbol": "^1.0.2"
      }
    },
    "es6-object-assign": {
      "version": "1.1.0"
    },
    "escalade": {
      "version": "3.1.1"
    },
    "follow-redirects": {
      "version": "1.14.2"
    },
    "foreach": {
      "version": "2.0.5"
    },
    "fs.realpath": {
      "version": "1.0.0"
    },
    "function-bind": {
      "version": "1.1.1"
    },
    "get-caller-file": {
      "version": "2.0.5"
    },
    "get-intrinsic": {
      "version": "1.1.1",
      "requires": {
        "function-bind": "^1.1.1",
        "has": "^1.0.3",
        "has-symbols": "^1.0.1"
      }
    },
    "glob": {
      "version": "7.1.7",
      "requires": {
        "fs.realpath": "^1.0.0",
        "inflight": "^1.0.4",
        "inherits": "2",
        "minimatch": "^3.0.4",
        "once": "^1.3.0",
        "path-is-absolute": "^1.0.0"
      }
    },
    "graphql": {
      "version": "15.5.1"
    },
    "graphql-query-complexity": {
      "version": "0.7.2",
      "requires": {
        "lodash.get": "^4.4.2"
      }
    },
    "graphql-subscriptions": {
      "version": "1.2.1",
      "requires": {
        "iterall": "^1.3.0"
      }
    },
    "graphql-tag": {
      "version": "2.12.5",
      "requires": {
        "tslib": "^2.1.0"
      }
    },
    "has": {
      "version": "1.0.3",
      "requires": {
        "function-bind": "^1.1.1"
      }
    },
    "has-bigints": {
      "version": "1.0.1"
    },
    "has-flag": {
      "version": "4.0.0"
    },
    "has-symbols": {
      "version": "1.0.2"
    },
    "has-tostringtag": {
      "version": "1.0.0",
      "requires": {
        "has-symbols": "^1.0.2"
      }
    },
    "hoist-non-react-statics": {
      "version": "3.3.2",
      "requires": {
        "react-is": "^16.7.0"
      }
    },
    "inflight": {
      "version": "1.0.6",
      "requires": {
        "once": "^1.3.0",
        "wrappy": "1"
      }
    },
    "inherits": {
      "version": "2.0.4"
    },
    "ini": {
      "version": "2.0.0"
    },
    "internal-slot": {
      "version": "1.0.3",
      "requires": {
        "get-intrinsic": "^1.1.0",
        "has": "^1.0.3",
        "side-channel": "^1.0.4"
      }
    },
    "is-arguments": {
      "version": "1.1.1",
      "requires": {
        "call-bind": "^1.0.2",
        "has-tostringtag": "^1.0.0"
      }
    },
    "is-bigint": {
      "version": "1.0.4",
      "requires": {
        "has-bigints": "^1.0.1"
      }
    },
    "is-boolean-object": {
      "version": "1.1.2",
      "requires": {
        "call-bind": "^1.0.2",
        "has-tostringtag": "^1.0.0"
      }
    },
    "is-callable": {
      "version": "1.2.4"
    },
    "is-date-object": {
      "version": "1.0.5",
      "requires": {
        "has-tostringtag": "^1.0.0"
      }
    },
    "is-fullwidth-code-point": {
      "version": "3.0.0"
    },
    "is-generator-function": {
      "version": "1.0.10",
      "requires": {
        "has-tostringtag": "^1.0.0"
      }
    },
    "is-nan": {
      "version": "1.3.2",
      "requires": {
        "call-bind": "^1.0.0",
        "define-properties": "^1.1.3"
      }
    },
    "is-negative-zero": {
      "version": "2.0.1"
    },
    "is-number-object": {
      "version": "1.0.6",
      "requires": {
        "has-tostringtag": "^1.0.0"
      }
    },
    "is-regex": {
      "version": "1.1.4",
      "requires": {
        "call-bind": "^1.0.2",
        "has-tostringtag": "^1.0.0"
      }
    },
    "is-string": {
      "version": "1.0.7",
      "requires": {
        "has-tostringtag": "^1.0.0"
      }
    },
    "is-symbol": {
      "version": "1.0.4",
      "requires": {
        "has-symbols": "^1.0.2"
      }
    },
    "is-typed-array": {
      "version": "1.1.7",
      "requires": {
        "available-typed-arrays": "^1.0.4",
        "call-bind": "^1.0.2",
        "es-abstract": "^1.18.5",
        "foreach": "^2.0.5",
        "has-tostringtag": "^1.0.0"
      }
    },
    "iterall": {
      "version": "1.3.0"
    },
    "js-tokens": {
      "version": "4.0.0"
    },
    "libphonenumber-js": {
      "version": "1.9.23"
    },
    "lodash": {
      "version": "4.17.21"
    },
    "lodash.get": {
      "version": "4.4.2"
    },
    "loose-envify": {
      "version": "1.4.0",
      "requires": {
        "js-tokens": "^3.0.0 || ^4.0.0"
      }
    },
    "lru-cache": {
      "version": "6.0.0",
      "requires": {
        "yallist": "^4.0.0"
      }
    },
    "make-error": {
      "version": "1.3.6"
    },
    "minimatch": {
      "version": "3.0.4",
      "requires": {
        "brace-expansion": "^1.1.7"
      }
    },
    "nconf": {
      "version": "0.11.3",
      "requires": {
        "async": "^1.4.0",
        "ini": "^2.0.0",
        "secure-keys": "^1.0.0",
        "yargs": "^16.1.1"
      },
      "dependencies": {
        "async": {
          "version": "1.5.2"
        }
      }
    },
    "node-fetch": {
      "version": "2.6.1"
    },
    "object-assign": {
      "version": "4.1.1"
    },
    "object-inspect": {
      "version": "1.11.0"
    },
    "object-is": {
      "version": "1.1.5",
      "requires": {
        "call-bind": "^1.0.2",
        "define-properties": "^1.1.3"
      }
    },
    "object-keys": {
      "version": "1.1.1"
    },
    "object.assign": {
      "version": "4.1.2",
      "requires": {
        "call-bind": "^1.0.0",
        "define-properties": "^1.1.3",
        "has-symbols": "^1.0.1",
        "object-keys": "^1.1.1"
      }
    },
    "once": {
      "version": "1.4.0",
      "requires": {
        "wrappy": "1"
      }
    },
    "optimism": {
      "version": "0.16.1",
      "requires": {
        "@wry/context": "^0.6.0",
        "@wry/trie": "^0.3.0"
      }
    },
    "path-is-absolute": {
      "version": "1.0.1"
    },
    "prop-types": {
      "version": "15.7.2",
      "requires": {
        "loose-envify": "^1.4.0",
        "object-assign": "^4.1.1",
        "react-is": "^16.8.1"
      }
    },
    "react-is": {
      "version": "16.13.1"
    },
    "reflect-metadata": {
      "version": "0.1.13"
    },
    "require-directory": {
      "version": "2.1.1"
    },
    "rimraf": {
      "version": "3.0.2",
      "dev": true,
      "requires": {
        "glob": "^7.1.3"
      }
    },
    "safe-buffer": {
      "version": "5.2.1"
    },
    "secure-keys": {
      "version": "1.0.0"
    },
    "semver": {
      "version": "7.3.5",
      "requires": {
        "lru-cache": "^6.0.0"
      }
    },
    "side-channel": {
      "version": "1.0.4",
      "requires": {
        "call-bind": "^1.0.0",
        "get-intrinsic": "^1.0.2",
        "object-inspect": "^1.9.0"
      }
    },
    "string-width": {
      "version": "4.2.2",
      "requires": {
        "emoji-regex": "^8.0.0",
        "is-fullwidth-code-point": "^3.0.0",
        "strip-ansi": "^6.0.0"
      }
    },
    "string.prototype.trimend": {
      "version": "1.0.4",
      "requires": {
        "call-bind": "^1.0.2",
        "define-properties": "^1.1.3"
      }
    },
    "string.prototype.trimstart": {
      "version": "1.0.4",
      "requires": {
        "call-bind": "^1.0.2",
        "define-properties": "^1.1.3"
      }
    },
    "strip-ansi": {
      "version": "6.0.0",
      "requires": {
        "ansi-regex": "^5.0.0"
      }
    },
    "supports-color": {
      "version": "7.2.0",
      "requires": {
        "has-flag": "^4.0.0"
      }
    },
    "symbol-observable": {
      "version": "4.0.0"
    },
    "ts-invariant": {
      "version": "0.9.1",
      "requires": {
        "tslib": "^2.1.0"
      }
    },
    "ts-node": {
      "version": "10.2.1",
      "requires": {
        "@cspotcode/source-map-support": "0.6.1",
        "@tsconfig/node10": "^1.0.7",
        "@tsconfig/node12": "^1.0.7",
        "@tsconfig/node14": "^1.0.0",
        "@tsconfig/node16": "^1.0.2",
        "acorn": "^8.4.1",
        "acorn-walk": "^8.1.1",
        "arg": "^4.1.0",
        "create-require": "^1.1.0",
        "diff": "^4.0.1",
        "make-error": "^1.1.1",
        "yn": "3.1.1"
      }
    },
    "tslib": {
      "version": "2.3.1"
    },
    "type-graphql": {
      "version": "1.1.1",
      "requires": {
        "@types/glob": "^7.1.3",
        "@types/node": "*",
        "@types/semver": "^7.3.3",
        "glob": "^7.1.6",
        "graphql-query-complexity": "^0.7.0",
        "graphql-subscriptions": "^1.1.0",
        "semver": "^7.3.2",
        "tslib": "^2.0.1"
      }
    },
    "typescript": {
      "version": "4.3.5"
    },
    "unbox-primitive": {
      "version": "1.0.1",
      "requires": {
        "function-bind": "^1.1.1",
        "has-bigints": "^1.0.1",
        "has-symbols": "^1.0.2",
        "which-boxed-primitive": "^1.0.2"
      }
    },
    "util": {
      "version": "0.12.4",
      "requires": {
        "inherits": "^2.0.3",
        "is-arguments": "^1.0.4",
        "is-generator-function": "^1.0.7",
        "is-typed-array": "^1.1.3",
        "safe-buffer": "^5.1.2",
        "which-typed-array": "^1.1.2"
      }
    },
    "validator": {
      "version": "13.6.0"
    },
    "which-boxed-primitive": {
      "version": "1.0.2",
      "requires": {
        "is-bigint": "^1.0.1",
        "is-boolean-object": "^1.1.0",
        "is-number-object": "^1.0.4",
        "is-string": "^1.0.5",
        "is-symbol": "^1.0.3"
      }
    },
    "which-typed-array": {
      "version": "1.1.6",
      "requires": {
        "available-typed-arrays": "^1.0.4",
        "call-bind": "^1.0.2",
        "es-abstract": "^1.18.5",
        "foreach": "^2.0.5",
        "has-tostringtag": "^1.0.0",
        "is-typed-array": "^1.1.6"
      }
    },
    "wrap-ansi": {
      "version": "7.0.0",
      "requires": {
        "ansi-styles": "^4.0.0",
        "string-width": "^4.1.0",
        "strip-ansi": "^6.0.0"
      }
    },
    "wrappy": {
      "version": "1.0.2"
    },
    "y18n": {
      "version": "5.0.8"
    },
    "yallist": {
      "version": "4.0.0"
    },
    "yargs": {
      "version": "16.2.0",
      "requires": {
        "cliui": "^7.0.2",
        "escalade": "^3.1.1",
        "get-caller-file": "^2.0.5",
        "require-directory": "^2.1.1",
        "string-width": "^4.2.0",
        "y18n": "^5.0.5",
        "yargs-parser": "^20.2.2"
      }
    },
    "yargs-parser": {
      "version": "20.2.9"
    },
    "yn": {
      "version": "3.1.1"
    },
    "zen-observable": {
      "version": "0.8.15"
    },
    "zen-observable-ts": {
      "version": "1.1.0",
      "requires": {
        "@types/zen-observable": "0.8.3",
        "zen-observable": "0.8.15"
      }
    }
  }
}
